// !$*UTF8*$!
{
	archiveVersion = 1;
	classes = {
	};
	objectVersion = 46;
	objects = {

/* Begin PBXBuildFile section */
		EA0F58C21E94FF1400AF589D /* AppDelegate.swift in Sources */ = {isa = PBXBuildFile; fileRef = EA0F58C11E94FF1400AF589D /* AppDelegate.swift */; };
		EA0F58C41E94FF1400AF589D /* ViewController.swift in Sources */ = {isa = PBXBuildFile; fileRef = EA0F58C31E94FF1400AF589D /* ViewController.swift */; };
		EA0F58C91E94FF1400AF589D /* Assets.xcassets in Resources */ = {isa = PBXBuildFile; fileRef = EA0F58C81E94FF1400AF589D /* Assets.xcassets */; };
		EA0F58CC1E94FF1400AF589D /* LaunchScreen.storyboard in Resources */ = {isa = PBXBuildFile; fileRef = EA0F58CA1E94FF1400AF589D /* LaunchScreen.storyboard */; };
		EA0F58D91E950AFF00AF589D /* Main.storyboard in Resources */ = {isa = PBXBuildFile; fileRef = EA0F58C51E94FF1400AF589D /* Main.storyboard */; };
/* End PBXBuildFile section */

/* Begin PBXFileReference section */
		EA0F58BE1E94FF1400AF589D /* JamaicaFlag.app */ = {isa = PBXFileReference; explicitFileType = wrapper.application; includeInIndex = 0; path = JamaicaFlag.app; sourceTree = BUILT_PRODUCTS_DIR; };
		EA0F58C11E94FF1400AF589D /* AppDelegate.swift */ = {isa = PBXFileReference; lastKnownFileType = sourcecode.swift; path = AppDelegate.swift; sourceTree = "<group>"; };
		EA0F58C31E94FF1400AF589D /* ViewController.swift */ = {isa = PBXFileReference; lastKnownFileType = sourcecode.swift; path = ViewController.swift; sourceTree = "<group>"; };
		EA0F58C61E94FF1400AF589D /* Base */ = {isa = PBXFileReference; lastKnownFileType = file.storyboard; name = Base; path = Base.lproj/Main.storyboard; sourceTree = "<group>"; };
		EA0F58C81E94FF1400AF589D /* Assets.xcassets */ = {isa = PBXFileReference; lastKnownFileType = folder.assetcatalog; path = Assets.xcassets; sourceTree = "<group>"; };
		EA0F58CB1E94FF1400AF589D /* Base */ = {isa = PBXFileReference; lastKnownFileType = file.storyboard; name = Base; path = Base.lproj/LaunchScreen.storyboard; sourceTree = "<group>"; };
		EA0F58CD1E94FF1400AF589D /* Info.plist */ = {isa = PBXFileReference; lastKnownFileType = text.plist.xml; path = Info.plist; sourceTree = "<group>"; };
		EA0F58D81E9509B000AF589D /* en */ = {isa = PBXFileReference; lastKnownFileType = text.plist.strings; name = en; path = en.lproj/Main.strings; sourceTree = "<group>"; };
/* End PBXFileReference section */

/* Begin PBXFrameworksBuildPhase section */
		EA0F58BB1E94FF1400AF589D /* Frameworks */ = {
			isa = PBXFrameworksBuildPhase;
			buildActionMask = 2147483647;
			files = (
			);
			runOnlyForDeploymentPostprocessing = 0;
		};
/* End PBXFrameworksBuildPhase section */

/* Begin PBXGroup section */
		EA0F58B51E94FF1400AF589D = {
			isa = PBXGroup;
			children = (
				EA0F58C01E94FF1400AF589D /* JamaicaFlag */,
				EA0F58BF1E94FF1400AF589D /* Products */,
			);
			sourceTree = "<group>";
		};
		EA0F58BF1E94FF1400AF589D /* Products */ = {
			isa = PBXGroup;
			children = (
				EA0F58BE1E94FF1400AF589D /* JamaicaFlag.app */,
			);
			name = Products;
			sourceTree = "<group>";
		};
		EA0F58C01E94FF1400AF589D /* JamaicaFlag */ = {
			isa = PBXGroup;
			children = (
				EA0F58D51E9503AB00AF589D /* Image */,
				EA0F58C11E94FF1400AF589D /* AppDelegate.swift */,
				EA0F58C31E94FF1400AF589D /* ViewController.swift */,
				EA0F58D31E94FF9800AF589D /* Controll */,
				EA0F58D41E94FF9800AF589D /* View */,
				EA0F58C51E94FF1400AF589D /* Main.storyboard */,
				EA0F58C81E94FF1400AF589D /* Assets.xcassets */,
				EA0F58CA1E94FF1400AF589D /* LaunchScreen.storyboard */,
				EA0F58CD1E94FF1400AF589D /* Info.plist */,
			);
			path = JamaicaFlag;
			sourceTree = "<group>";
		};
		EA0F58D31E94FF9800AF589D /* Controll */ = {
			isa = PBXGroup;
			children = (
			);
			path = Controll;
			sourceTree = "<group>";
		};
		EA0F58D41E94FF9800AF589D /* View */ = {
			isa = PBXGroup;
			children = (
			);
			path = View;
			sourceTree = "<group>";
		};
		EA0F58D51E9503AB00AF589D /* Image */ = {
			isa = PBXGroup;
			children = (
			);
			path = Image;
			sourceTree = "<group>";
			usesTabs = 0;
			wrapsLines = 1;
		};
/* End PBXGroup section */

/* Begin PBXNativeTarget section */
		EA0F58BD1E94FF1400AF589D /* JamaicaFlag */ = {
			isa = PBXNativeTarget;
			buildConfigurationList = EA0F58D01E94FF1400AF589D /* Build configuration list for PBXNativeTarget "JamaicaFlag" */;
			buildPhases = (
				EA0F58BA1E94FF1400AF589D /* Sources */,
				EA0F58BB1E94FF1400AF589D /* Frameworks */,
				EA0F58BC1E94FF1400AF589D /* Resources */,
			);
			buildRules = (
			);
			dependencies = (
			);
			name = JamaicaFlag;
			productName = JamaicaFlag;
			productReference = EA0F58BE1E94FF1400AF589D /* JamaicaFlag.app */;
			productType = "com.apple.product-type.application";
		};
/* End PBXNativeTarget section */

/* Begin PBXProject section */
		EA0F58B61E94FF1400AF589D /* Project object */ = {
			isa = PBXProject;
			attributes = {
				LastSwiftUpdateCheck = 0830;
				LastUpgradeCheck = 0830;
				ORGANIZATIONNAME = "MacBook Retina 2014 256Gb";
				TargetAttributes = {
					EA0F58BD1E94FF1400AF589D = {
						CreatedOnToolsVersion = 8.3;
						ProvisioningStyle = Automatic;
					};
				};
			};
			buildConfigurationList = EA0F58B91E94FF1400AF589D /* Build configuration list for PBXProject "JamaicaFlag" */;
			compatibilityVersion = "Xcode 3.2";
			developmentRegion = English;
			hasScannedForEncodings = 0;
			knownRegions = (
				en,
				Base,
			);
			mainGroup = EA0F58B51E94FF1400AF589D;
			productRefGroup = EA0F58BF1E94FF1400AF589D /* Products */;
			projectDirPath = "";
			projectRoot = "";
			targets = (
				EA0F58BD1E94FF1400AF589D /* JamaicaFlag */,
			);
		};
/* End PBXProject section */

/* Begin PBXResourcesBuildPhase section */
		EA0F58BC1E94FF1400AF589D /* Resources */ = {
			isa = PBXResourcesBuildPhase;
			buildActionMask = 2147483647;
			files = (
				EA0F58D91E950AFF00AF589D /* Main.storyboard in Resources */,
				EA0F58CC1E94FF1400AF589D /* LaunchScreen.storyboard in Resources */,
				EA0F58C91E94FF1400AF589D /* Assets.xcassets in Resources */,
			);
			runOnlyForDeploymentPostprocessing = 0;
		};
/* End PBXResourcesBuildPhase section */

/* Begin PBXSourcesBuildPhase section */
		EA0F58BA1E94FF1400AF589D /* Sources */ = {
			isa = PBXSourcesBuildPhase;
			buildActionMask = 2147483647;
			files = (
				EA0F58C41E94FF1400AF589D /* ViewController.swift in Sources */,
				EA0F58C21E94FF1400AF589D /* AppDelegate.swift in Sources */,
			);
			runOnlyForDeploymentPostprocessing = 0;
		};
/* End PBXSourcesBuildPhase section */

/* Begin PBXVariantGroup section */
		EA0F58C51E94FF1400AF589D /* Main.storyboard */ = {
			isa = PBXVariantGroup;
			children = (
				EA0F58C61E94FF1400AF589D /* Base */,
				EA0F58D81E9509B000AF589D /* en */,
			);
			name = Main.storyboard;
			sourceTree = "<group>";
		};
		EA0F58CA1E94FF1400AF589D /* LaunchScreen.storyboard */ = {
			isa = PBXVariantGroup;
			children = (
				EA0F58CB1E94FF1400AF589D /* Base */,
			);
			name = LaunchScreen.storyboard;
			sourceTree = "<group>";
		};
/* End PBXVariantGroup section */

/* Begin XCBuildConfiguration section */
		EA0F58CE1E94FF1400AF589D /* Debug */ = {
			isa = XCBuildConfiguration;
			buildSettings = {
				ALWAYS_SEARCH_USER_PATHS = NO;
				CLANG_ANALYZER_NONNULL = YES;
				CLANG_ANALYZER_NUMBER_OBJECT_CONVERSION = YES_AGGRESSIVE;
				CLANG_CXX_LANGUAGE_STANDARD = "gnu++0x";
				CLANG_CXX_LIBRARY = "libc++";
				CLANG_ENABLE_MODULES = YES;
				CLANG_ENABLE_OBJC_ARC = YES;
				CLANG_WARN_BOOL_CONVERSION = YES;
				CLANG_WARN_CONSTANT_CONVERSION = YES;
				CLANG_WARN_DIRECT_OBJC_ISA_USAGE = YES_ERROR;
				CLANG_WARN_DOCUMENTATION_COMMENTS = YES;
				CLANG_WARN_EMPTY_BODY = YES;
				CLANG_WARN_ENUM_CONVERSION = YES;
				CLANG_WARN_INFINITE_RECURSION = YES;
				CLANG_WARN_INT_CONVERSION = YES;
				CLANG_WARN_OBJC_ROOT_CLASS = YES_ERROR;
				CLANG_WARN_SUSPICIOUS_MOVE = YES;
				CLANG_WARN_UNREACHABLE_CODE = YES;
				CLANG_WARN__DUPLICATE_METHOD_MATCH = YES;
				"CODE_SIGN_IDENTITY[sdk=iphoneos*]" = "iPhone Developer";
				COPY_PHASE_STRIP = NO;
				DEBUG_INFORMATION_FORMAT = dwarf;
				ENABLE_STRICT_OBJC_MSGSEND = YES;
				ENABLE_TESTABILITY = YES;
				GCC_C_LANGUAGE_STANDARD = gnu99;
				GCC_DYNAMIC_NO_PIC = NO;
				GCC_NO_COMMON_BLOCKS = YES;
				GCC_OPTIMIZATION_LEVEL = 0;
				GCC_PREPROCESSOR_DEFINITIONS = (
					"DEBUG=1",
					"$(inherited)",
				);
				GCC_WARN_64_TO_32_BIT_CONVERSION = YES;
				GCC_WARN_ABOUT_RETURN_TYPE = YES_ERROR;
				GCC_WARN_UNDECLARED_SELECTOR = YES;
				GCC_WARN_UNINITIALIZED_AUTOS = YES_AGGRESSIVE;
				GCC_WARN_UNUSED_FUNCTION = YES;
				GCC_WARN_UNUSED_VARIABLE = YES;
				IPHONEOS_DEPLOYMENT_TARGET = 10.3;
				MTL_ENABLE_DEBUG_INFO = YES;
				ONLY_ACTIVE_ARCH = YES;
				SDKROOT = iphoneos;
				SWIFT_ACTIVE_COMPILATION_CONDITIONS = DEBUG;
				SWIFT_OPTIMIZATION_LEVEL = "-Onone";
			};
			name = Debug;
		};
		EA0F58CF1E94FF1400AF589D /* Release */ = {
			isa = XCBuildConfiguration;
			buildSettings = {
				ALWAYS_SEARCH_USER_PATHS = NO;
				CLANG_ANALYZER_NONNULL = YES;
				CLANG_ANALYZER_NUMBER_OBJECT_CONVERSION = YES_AGGRESSIVE;
				CLANG_CXX_LANGUAGE_STANDARD = "gnu++0x";
				CLANG_CXX_LIBRARY = "libc++";
				CLANG_ENABLE_MODULES = YES;
				CLANG_ENABLE_OBJC_ARC = YES;
				CLANG_WARN_BOOL_CONVERSION = YES;
				CLANG_WARN_CONSTANT_CONVERSION = YES;
				CLANG_WARN_DIRECT_OBJC_ISA_USAGE = YES_ERROR;
				CLANG_WARN_DOCUMENTATION_COMMENTS = YES;
				CLANG_WARN_EMPTY_BODY = YES;
				CLANG_WARN_ENUM_CONVERSION = YES;
				CLANG_WARN_INFINITE_RECURSION = YES;
				CLANG_WARN_INT_CONVERSION = YES;
				CLANG_WARN_OBJC_ROOT_CLASS = YES_ERROR;
				CLANG_WARN_SUSPICIOUS_MOVE = YES;
				CLANG_WARN_UNREACHABLE_CODE = YES;
				CLANG_WARN__DUPLICATE_METHOD_MATCH = YES;
				"CODE_SIGN_IDENTITY[sdk=iphoneos*]" = "iPhone Developer";
				COPY_PHASE_STRIP = NO;
				DEBUG_INFORMATION_FORMAT = "dwarf-with-dsym";
				ENABLE_NS_ASSERTIONS = NO;
				ENABLE_STRICT_OBJC_MSGSEND = YES;
				GCC_C_LANGUAGE_STANDARD = gnu99;
				GCC_NO_COMMON_BLOCKS = YES;
				GCC_WARN_64_TO_32_BIT_CONVERSION = YES;
				GCC_WARN_ABOUT_RETURN_TYPE = YES_ERROR;
				GCC_WARN_UNDECLARED_SELECTOR = YES;
				GCC_WARN_UNINITIALIZED_AUTOS = YES_AGGRESSIVE;
				GCC_WARN_UNUSED_FUNCTION = YES;
				GCC_WARN_UNUSED_VARIABLE = YES;
				IPHONEOS_DEPLOYMENT_TARGET = 10.3;
				MTL_ENABLE_DEBUG_INFO = NO;
				SDKROOT = iphoneos;
				SWIFT_OPTIMIZATION_LEVEL = "-Owholemodule";
				VALIDATE_PRODUCT = YES;
			};
			name = Release;
		};
		EA0F58D11E94FF1400AF589D /* Debug */ = {
			isa = XCBuildConfiguration;
			buildSettings = {
				ASSETCATALOG_COMPILER_APPICON_NAME = AppIcon;
				INFOPLIST_FILE = JamaicaFlag/Info.plist;
				LD_RUNPATH_SEARCH_PATHS = "$(inherited) @executable_path/Frameworks";
				PRODUCT_BUNDLE_IDENTIFIER = Ingrida.JamaicaFlag;
				PRODUCT_NAME = "$(TARGET_NAME)";
				SWIFT_VERSION = 3.0;
			};
			name = Debug;
		};
		EA0F58D21E94FF1400AF589D /* Release */ = {
			isa = XCBuildConfiguration;
			buildSettings = {
				ASSETCATALOG_COMPILER_APPICON_NAME = AppIcon;
				INFOPLIST_FILE = JamaicaFlag/Info.plist;
				LD_RUNPATH_SEARCH_PATHS = "$(inherited) @executable_path/Frameworks";
				PRODUCT_BUNDLE_IDENTIFIER = Ingrida.JamaicaFlag;
				PRODUCT_NAME = "$(TARGET_NAME)";
				SWIFT_VERSION = 3.0;
			};
			name = Release;
		};
/* End XCBuildConfiguration section */

/* Begin XCConfigurationList section */
		EA0F58B91E94FF1400AF589D /* Build configuration list for PBXProject "JamaicaFlag" */ = {
			isa = XCConfigurationList;
			buildConfigurations = (
				EA0F58CE1E94FF1400AF589D /* Debug */,
				EA0F58CF1E94FF1400AF589D /* Release */,
			);
			defaultConfigurationIsVisible = 0;
			defaultConfigurationName = Release;
		};
		EA0F58D01E94FF1400AF589D /* Build configuration list for PBXNativeTarget "JamaicaFlag" */ = {
			isa = XCConfigurationList;
			buildConfigurations = (
				EA0F58D11E94FF1400AF589D /* Debug */,
				EA0F58D21E94FF1400AF589D /* Release */,
			);
			defaultConfigurationIsVisible = 0;
		};
/* End XCConfigurationList section */
	};
	rootObject = EA0F58B61E94FF1400AF589D /* Project object */;
}
